// !$*UTF8*$!
{
	archiveVersion = 1;
	classes = {
	};
	objectVersion = 46;
	objects = {

/* Begin PBXBuildFile section */
		8C7A14511CE415EB00D996EF /* camera-icon.jpg in Resources */ = {isa = PBXBuildFile; fileRef = 8C7A14501CE415EB00D996EF /* camera-icon.jpg */; };
		8CD868D91CD96A75005534EA /* main.m in Sources */ = {isa = PBXBuildFile; fileRef = 8CD868D81CD96A75005534EA /* main.m */; };
		8CD868DC1CD96A75005534EA /* AppDelegate.m in Sources */ = {isa = PBXBuildFile; fileRef = 8CD868DB1CD96A75005534EA /* AppDelegate.m */; };
		8CD868DF1CD96A76005534EA /* ViewController.m in Sources */ = {isa = PBXBuildFile; fileRef = 8CD868DE1CD96A76005534EA /* ViewController.m */; };
		8CD868E21CD96A76005534EA /* Main.storyboard in Resources */ = {isa = PBXBuildFile; fileRef = 8CD868E01CD96A76005534EA /* Main.storyboard */; };
		8CD868E51CD96A76005534EA /* timeline.xcdatamodeld in Sources */ = {isa = PBXBuildFile; fileRef = 8CD868E31CD96A76005534EA /* timeline.xcdatamodeld */; };
		8CD868E71CD96A76005534EA /* Assets.xcassets in Resources */ = {isa = PBXBuildFile; fileRef = 8CD868E61CD96A76005534EA /* Assets.xcassets */; };
		8CD868EA1CD96A76005534EA /* LaunchScreen.storyboard in Resources */ = {isa = PBXBuildFile; fileRef = 8CD868E81CD96A76005534EA /* LaunchScreen.storyboard */; };
		8CD868F51CD96A79005534EA /* timelineTests.m in Sources */ = {isa = PBXBuildFile; fileRef = 8CD868F41CD96A79005534EA /* timelineTests.m */; };
		8CD869001CD96A79005534EA /* timelineUITests.m in Sources */ = {isa = PBXBuildFile; fileRef = 8CD868FF1CD96A79005534EA /* timelineUITests.m */; };
		8CD8690F1CD985AD005534EA /* Default.JPG in Resources */ = {isa = PBXBuildFile; fileRef = 8CD8690E1CD985AD005534EA /* Default.JPG */; };
/* End PBXBuildFile section */

/* Begin PBXContainerItemProxy section */
		8CD868F11CD96A79005534EA /* PBXContainerItemProxy */ = {
			isa = PBXContainerItemProxy;
			containerPortal = 8CD868CC1CD96A75005534EA /* Project object */;
			proxyType = 1;
			remoteGlobalIDString = 8CD868D31CD96A75005534EA;
			remoteInfo = timeline;
		};
		8CD868FC1CD96A79005534EA /* PBXContainerItemProxy */ = {
			isa = PBXContainerItemProxy;
			containerPortal = 8CD868CC1CD96A75005534EA /* Project object */;
			proxyType = 1;
			remoteGlobalIDString = 8CD868D31CD96A75005534EA;
			remoteInfo = timeline;
		};
/* End PBXContainerItemProxy section */

/* Begin PBXFileReference section */
		8C7A14501CE415EB00D996EF /* camera-icon.jpg */ = {isa = PBXFileReference; lastKnownFileType = image.jpeg; path = "camera-icon.jpg"; sourceTree = "<group>"; };
		8CD868D41CD96A75005534EA /* evolution.app */ = {isa = PBXFileReference; explicitFileType = wrapper.application; includeInIndex = 0; path = evolution.app; sourceTree = BUILT_PRODUCTS_DIR; };
		8CD868D81CD96A75005534EA /* main.m */ = {isa = PBXFileReference; lastKnownFileType = sourcecode.c.objc; path = main.m; sourceTree = "<group>"; };
		8CD868DA1CD96A75005534EA /* AppDelegate.h */ = {isa = PBXFileReference; lastKnownFileType = sourcecode.c.h; path = AppDelegate.h; sourceTree = "<group>"; };
		8CD868DB1CD96A75005534EA /* AppDelegate.m */ = {isa = PBXFileReference; lastKnownFileType = sourcecode.c.objc; path = AppDelegate.m; sourceTree = "<group>"; };
		8CD868DD1CD96A76005534EA /* ViewController.h */ = {isa = PBXFileReference; lastKnownFileType = sourcecode.c.h; path = ViewController.h; sourceTree = "<group>"; };
		8CD868DE1CD96A76005534EA /* ViewController.m */ = {isa = PBXFileReference; lastKnownFileType = sourcecode.c.objc; path = ViewController.m; sourceTree = "<group>"; };
		8CD868E11CD96A76005534EA /* Base */ = {isa = PBXFileReference; lastKnownFileType = file.storyboard; name = Base; path = Base.lproj/Main.storyboard; sourceTree = "<group>"; };
		8CD868E41CD96A76005534EA /* timeline.xcdatamodel */ = {isa = PBXFileReference; lastKnownFileType = wrapper.xcdatamodel; path = timeline.xcdatamodel; sourceTree = "<group>"; };
		8CD868E61CD96A76005534EA /* Assets.xcassets */ = {isa = PBXFileReference; lastKnownFileType = folder.assetcatalog; path = Assets.xcassets; sourceTree = "<group>"; };
		8CD868E91CD96A76005534EA /* Base */ = {isa = PBXFileReference; lastKnownFileType = file.storyboard; name = Base; path = Base.lproj/LaunchScreen.storyboard; sourceTree = "<group>"; };
		8CD868EB1CD96A76005534EA /* Info.plist */ = {isa = PBXFileReference; lastKnownFileType = text.plist.xml; path = Info.plist; sourceTree = "<group>"; };
		8CD868F01CD96A79005534EA /* evolution.xctest */ = {isa = PBXFileReference; explicitFileType = wrapper.cfbundle; includeInIndex = 0; path = evolution.xctest; sourceTree = BUILT_PRODUCTS_DIR; };
		8CD868F41CD96A79005534EA /* timelineTests.m */ = {isa = PBXFileReference; lastKnownFileType = sourcecode.c.objc; path = timelineTests.m; sourceTree = "<group>"; };
		8CD868F61CD96A79005534EA /* Info.plist */ = {isa = PBXFileReference; lastKnownFileType = text.plist.xml; path = Info.plist; sourceTree = "<group>"; };
		8CD868FB1CD96A79005534EA /* evolution.xctest */ = {isa = PBXFileReference; explicitFileType = wrapper.cfbundle; includeInIndex = 0; path = evolution.xctest; sourceTree = BUILT_PRODUCTS_DIR; };
		8CD868FF1CD96A79005534EA /* timelineUITests.m */ = {isa = PBXFileReference; lastKnownFileType = sourcecode.c.objc; path = timelineUITests.m; sourceTree = "<group>"; };
		8CD869011CD96A79005534EA /* Info.plist */ = {isa = PBXFileReference; lastKnownFileType = text.plist.xml; path = Info.plist; sourceTree = "<group>"; };
		8CD8690E1CD985AD005534EA /* Default.JPG */ = {isa = PBXFileReference; lastKnownFileType = image.jpeg; path = Default.JPG; sourceTree = "<group>"; };
/* End PBXFileReference section */

/* Begin PBXFrameworksBuildPhase section */
		8CD868D11CD96A75005534EA /* Frameworks */ = {
			isa = PBXFrameworksBuildPhase;
			buildActionMask = 2147483647;
			files = (
			);
			runOnlyForDeploymentPostprocessing = 0;
		};
		8CD868ED1CD96A79005534EA /* Frameworks */ = {
			isa = PBXFrameworksBuildPhase;
			buildActionMask = 2147483647;
			files = (
			);
			runOnlyForDeploymentPostprocessing = 0;
		};
		8CD868F81CD96A79005534EA /* Frameworks */ = {
			isa = PBXFrameworksBuildPhase;
			buildActionMask = 2147483647;
			files = (
			);
			runOnlyForDeploymentPostprocessing = 0;
		};
/* End PBXFrameworksBuildPhase section */

/* Begin PBXGroup section */
		8CD868CB1CD96A75005534EA = {
			isa = PBXGroup;
			children = (
				8CD868D61CD96A75005534EA /* timeline */,
				8CD868F31CD96A79005534EA /* timelineTests */,
				8CD868FE1CD96A79005534EA /* timelineUITests */,
				8CD868D51CD96A75005534EA /* Products */,
			);
			sourceTree = "<group>";
		};
		8CD868D51CD96A75005534EA /* Products */ = {
			isa = PBXGroup;
			children = (
				8CD868D41CD96A75005534EA /* evolution.app */,
				8CD868F01CD96A79005534EA /* evolution.xctest */,
				8CD868FB1CD96A79005534EA /* evolution.xctest */,
			);
			name = Products;
			sourceTree = "<group>";
		};
		8CD868D61CD96A75005534EA /* timeline */ = {
			isa = PBXGroup;
			children = (
				8CD8690D1CD984BB005534EA /* Resources */,
				8CD868DA1CD96A75005534EA /* AppDelegate.h */,
				8CD868DB1CD96A75005534EA /* AppDelegate.m */,
				8CD868DD1CD96A76005534EA /* ViewController.h */,
				8CD868DE1CD96A76005534EA /* ViewController.m */,
				8CD868E01CD96A76005534EA /* Main.storyboard */,
				8CD868E61CD96A76005534EA /* Assets.xcassets */,
				8CD868E81CD96A76005534EA /* LaunchScreen.storyboard */,
				8CD868EB1CD96A76005534EA /* Info.plist */,
				8CD868E31CD96A76005534EA /* timeline.xcdatamodeld */,
				8CD868D71CD96A75005534EA /* Supporting Files */,
			);
			path = timeline;
			sourceTree = "<group>";
		};
		8CD868D71CD96A75005534EA /* Supporting Files */ = {
			isa = PBXGroup;
			children = (
				8CD868D81CD96A75005534EA /* main.m */,
			);
			name = "Supporting Files";
			sourceTree = "<group>";
		};
		8CD868F31CD96A79005534EA /* timelineTests */ = {
			isa = PBXGroup;
			children = (
				8CD868F41CD96A79005534EA /* timelineTests.m */,
				8CD868F61CD96A79005534EA /* Info.plist */,
			);
			path = timelineTests;
			sourceTree = "<group>";
		};
		8CD868FE1CD96A79005534EA /* timelineUITests */ = {
			isa = PBXGroup;
			children = (
				8CD868FF1CD96A79005534EA /* timelineUITests.m */,
				8CD869011CD96A79005534EA /* Info.plist */,
			);
			path = timelineUITests;
			sourceTree = "<group>";
		};
		8CD8690D1CD984BB005534EA /* Resources */ = {
			isa = PBXGroup;
			children = (
				8C7A14501CE415EB00D996EF /* camera-icon.jpg */,
				8CD8690E1CD985AD005534EA /* Default.JPG */,
			);
			name = Resources;
			sourceTree = "<group>";
		};
/* End PBXGroup section */

/* Begin PBXNativeTarget section */
		8CD868D31CD96A75005534EA /* evolution */ = {
			isa = PBXNativeTarget;
			buildConfigurationList = 8CD869041CD96A79005534EA /* Build configuration list for PBXNativeTarget "evolution" */;
			buildPhases = (
				8CD868D01CD96A75005534EA /* Sources */,
				8CD868D11CD96A75005534EA /* Frameworks */,
				8CD868D21CD96A75005534EA /* Resources */,
			);
			buildRules = (
			);
			dependencies = (
			);
			name = evolution;
			productName = timeline;
			productReference = 8CD868D41CD96A75005534EA /* evolution.app */;
			productType = "com.apple.product-type.application";
		};
		8CD868EF1CD96A79005534EA /* evolutionTests */ = {
			isa = PBXNativeTarget;
			buildConfigurationList = 8CD869071CD96A79005534EA /* Build configuration list for PBXNativeTarget "evolutionTests" */;
			buildPhases = (
				8CD868EC1CD96A79005534EA /* Sources */,
				8CD868ED1CD96A79005534EA /* Frameworks */,
				8CD868EE1CD96A79005534EA /* Resources */,
			);
			buildRules = (
			);
			dependencies = (
				8CD868F21CD96A79005534EA /* PBXTargetDependency */,
			);
			name = evolutionTests;
			productName = timelineTests;
			productReference = 8CD868F01CD96A79005534EA /* evolution.xctest */;
			productType = "com.apple.product-type.bundle.unit-test";
		};
		8CD868FA1CD96A79005534EA /* evolutionUITests */ = {
			isa = PBXNativeTarget;
			buildConfigurationList = 8CD8690A1CD96A79005534EA /* Build configuration list for PBXNativeTarget "evolutionUITests" */;
			buildPhases = (
				8CD868F71CD96A79005534EA /* Sources */,
				8CD868F81CD96A79005534EA /* Frameworks */,
				8CD868F91CD96A79005534EA /* Resources */,
			);
			buildRules = (
			);
			dependencies = (
				8CD868FD1CD96A79005534EA /* PBXTargetDependency */,
			);
			name = evolutionUITests;
			productName = timelineUITests;
			productReference = 8CD868FB1CD96A79005534EA /* evolution.xctest */;
			productType = "com.apple.product-type.bundle.ui-testing";
		};
/* End PBXNativeTarget section */

/* Begin PBXProject section */
		8CD868CC1CD96A75005534EA /* Project object */ = {
			isa = PBXProject;
			attributes = {
				LastUpgradeCheck = 0730;
				ORGANIZATIONNAME = PigTaz;
				TargetAttributes = {
					8CD868D31CD96A75005534EA = {
						CreatedOnToolsVersion = 7.3;
					};
					8CD868EF1CD96A79005534EA = {
						CreatedOnToolsVersion = 7.3;
						TestTargetID = 8CD868D31CD96A75005534EA;
					};
					8CD868FA1CD96A79005534EA = {
						CreatedOnToolsVersion = 7.3;
						TestTargetID = 8CD868D31CD96A75005534EA;
					};
				};
			};
			buildConfigurationList = 8CD868CF1CD96A75005534EA /* Build configuration list for PBXProject "evolution" */;
			compatibilityVersion = "Xcode 3.2";
			developmentRegion = English;
			hasScannedForEncodings = 0;
			knownRegions = (
				en,
				Base,
			);
			mainGroup = 8CD868CB1CD96A75005534EA;
			productRefGroup = 8CD868D51CD96A75005534EA /* Products */;
			projectDirPath = "";
			projectRoot = "";
			targets = (
				8CD868D31CD96A75005534EA /* evolution */,
				8CD868EF1CD96A79005534EA /* evolutionTests */,
				8CD868FA1CD96A79005534EA /* evolutionUITests */,
			);
		};
/* End PBXProject section */

/* Begin PBXResourcesBuildPhase section */
		8CD868D21CD96A75005534EA /* Resources */ = {
			isa = PBXResourcesBuildPhase;
			buildActionMask = 2147483647;
			files = (
				8C7A14511CE415EB00D996EF /* camera-icon.jpg in Resources */,
				8CD868EA1CD96A76005534EA /* LaunchScreen.storyboard in Resources */,
				8CD868E71CD96A76005534EA /* Assets.xcassets in Resources */,
				8CD868E21CD96A76005534EA /* Main.storyboard in Resources */,
				8CD8690F1CD985AD005534EA /* Default.JPG in Resources */,
			);
			runOnlyForDeploymentPostprocessing = 0;
		};
		8CD868EE1CD96A79005534EA /* Resources */ = {
			isa = PBXResourcesBuildPhase;
			buildActionMask = 2147483647;
			files = (
			);
			runOnlyForDeploymentPostprocessing = 0;
		};
		8CD868F91CD96A79005534EA /* Resources */ = {
			isa = PBXResourcesBuildPhase;
			buildActionMask = 2147483647;
			files = (
			);
			runOnlyForDeploymentPostprocessing = 0;
		};
/* End PBXResourcesBuildPhase section */

/* Begin PBXSourcesBuildPhase section */
		8CD868D01CD96A75005534EA /* Sources */ = {
			isa = PBXSourcesBuildPhase;
			buildActionMask = 2147483647;
			files = (
				8CD868E51CD96A76005534EA /* timeline.xcdatamodeld in Sources */,
				8CD868DF1CD96A76005534EA /* ViewController.m in Sources */,
				8CD868DC1CD96A75005534EA /* AppDelegate.m in Sources */,
				8CD868D91CD96A75005534EA /* main.m in Sources */,
			);
			runOnlyForDeploymentPostprocessing = 0;
		};
		8CD868EC1CD96A79005534EA /* Sources */ = {
			isa = PBXSourcesBuildPhase;
			buildActionMask = 2147483647;
			files = (
				8CD868F51CD96A79005534EA /* timelineTests.m in Sources */,
			);
			runOnlyForDeploymentPostprocessing = 0;
		};
		8CD868F71CD96A79005534EA /* Sources */ = {
			isa = PBXSourcesBuildPhase;
			buildActionMask = 2147483647;
			files = (
				8CD869001CD96A79005534EA /* timelineUITests.m in Sources */,
			);
			runOnlyForDeploymentPostprocessing = 0;
		};
/* End PBXSourcesBuildPhase section */

/* Begin PBXTargetDependency section */
		8CD868F21CD96A79005534EA /* PBXTargetDependency */ = {
			isa = PBXTargetDependency;
			target = 8CD868D31CD96A75005534EA /* evolution */;
			targetProxy = 8CD868F11CD96A79005534EA /* PBXContainerItemProxy */;
		};
		8CD868FD1CD96A79005534EA /* PBXTargetDependency */ = {
			isa = PBXTargetDependency;
			target = 8CD868D31CD96A75005534EA /* evolution */;
			targetProxy = 8CD868FC1CD96A79005534EA /* PBXContainerItemProxy */;
		};
/* End PBXTargetDependency section */

/* Begin PBXVariantGroup section */
		8CD868E01CD96A76005534EA /* Main.storyboard */ = {
			isa = PBXVariantGroup;
			children = (
				8CD868E11CD96A76005534EA /* Base */,
			);
			name = Main.storyboard;
			sourceTree = "<group>";
		};
		8CD868E81CD96A76005534EA /* LaunchScreen.storyboard */ = {
			isa = PBXVariantGroup;
			children = (
				8CD868E91CD96A76005534EA /* Base */,
			);
			name = LaunchScreen.storyboard;
			sourceTree = "<group>";
		};
/* End PBXVariantGroup section */

/* Begin XCBuildConfiguration section */
		8CD869021CD96A79005534EA /* Debug */ = {
			isa = XCBuildConfiguration;
			buildSettings = {
				ALWAYS_SEARCH_USER_PATHS = NO;
				CLANG_ANALYZER_NONNULL = YES;
				CLANG_CXX_LANGUAGE_STANDARD = "gnu++0x";
				CLANG_CXX_LIBRARY = "libc++";
				CLANG_ENABLE_MODULES = YES;
				CLANG_ENABLE_OBJC_ARC = YES;
				CLANG_WARN_BOOL_CONVERSION = YES;
				CLANG_WARN_CONSTANT_CONVERSION = YES;
				CLANG_WARN_DIRECT_OBJC_ISA_USAGE = YES_ERROR;
				CLANG_WARN_EMPTY_BODY = YES;
				CLANG_WARN_ENUM_CONVERSION = YES;
				CLANG_WARN_INT_CONVERSION = YES;
				CLANG_WARN_OBJC_ROOT_CLASS = YES_ERROR;
				CLANG_WARN_UNREACHABLE_CODE = YES;
				CLANG_WARN__DUPLICATE_METHOD_MATCH = YES;
				"CODE_SIGN_IDENTITY[sdk=iphoneos*]" = "iPhone Developer";
				COPY_PHASE_STRIP = NO;
				DEBUG_INFORMATION_FORMAT = dwarf;
				ENABLE_STRICT_OBJC_MSGSEND = YES;
				ENABLE_TESTABILITY = YES;
				GCC_C_LANGUAGE_STANDARD = gnu99;
				GCC_DYNAMIC_NO_PIC = NO;
				GCC_NO_COMMON_BLOCKS = YES;
				GCC_OPTIMIZATION_LEVEL = 0;
				GCC_PREPROCESSOR_DEFINITIONS = (
					"DEBUG=1",
					"$(inherited)",
				);
				GCC_WARN_64_TO_32_BIT_CONVERSION = YES;
				GCC_WARN_ABOUT_RETURN_TYPE = YES_ERROR;
				GCC_WARN_UNDECLARED_SELECTOR = YES;
				GCC_WARN_UNINITIALIZED_AUTOS = YES_AGGRESSIVE;
				GCC_WARN_UNUSED_FUNCTION = YES;
				GCC_WARN_UNUSED_VARIABLE = YES;
				IPHONEOS_DEPLOYMENT_TARGET = 9.3;
				MTL_ENABLE_DEBUG_INFO = YES;
				ONLY_ACTIVE_ARCH = YES;
				SDKROOT = iphoneos;
				TARGETED_DEVICE_FAMILY = "1,2";
			};
			name = Debug;
		};
		8CD869031CD96A79005534EA /* Release */ = {
			isa = XCBuildConfiguration;
			buildSettings = {
				ALWAYS_SEARCH_USER_PATHS = NO;
				CLANG_ANALYZER_NONNULL = YES;
				CLANG_CXX_LANGUAGE_STANDARD = "gnu++0x";
				CLANG_CXX_LIBRARY = "libc++";
				CLANG_ENABLE_MODULES = YES;
				CLANG_ENABLE_OBJC_ARC = YES;
				CLANG_WARN_BOOL_CONVERSION = YES;
				CLANG_WARN_CONSTANT_CONVERSION = YES;
				CLANG_WARN_DIRECT_OBJC_ISA_USAGE = YES_ERROR;
				CLANG_WARN_EMPTY_BODY = YES;
				CLANG_WARN_ENUM_CONVERSION = YES;
				CLANG_WARN_INT_CONVERSION = YES;
				CLANG_WARN_OBJC_ROOT_CLASS = YES_ERROR;
				CLANG_WARN_UNREACHABLE_CODE = YES;
				CLANG_WARN__DUPLICATE_METHOD_MATCH = YES;
				"CODE_SIGN_IDENTITY[sdk=iphoneos*]" = "iPhone Developer";
				COPY_PHASE_STRIP = NO;
				DEBUG_INFORMATION_FORMAT = "dwarf-with-dsym";
				ENABLE_NS_ASSERTIONS = NO;
				ENABLE_STRICT_OBJC_MSGSEND = YES;
				GCC_C_LANGUAGE_STANDARD = gnu99;
				GCC_NO_COMMON_BLOCKS = YES;
				GCC_WARN_64_TO_32_BIT_CONVERSION = YES;
				GCC_WARN_ABOUT_RETURN_TYPE = YES_ERROR;
				GCC_WARN_UNDECLARED_SELECTOR = YES;
				GCC_WARN_UNINITIALIZED_AUTOS = YES_AGGRESSIVE;
				GCC_WARN_UNUSED_FUNCTION = YES;
				GCC_WARN_UNUSED_VARIABLE = YES;
				IPHONEOS_DEPLOYMENT_TARGET = 9.3;
				MTL_ENABLE_DEBUG_INFO = NO;
				SDKROOT = iphoneos;
				TARGETED_DEVICE_FAMILY = "1,2";
				VALIDATE_PRODUCT = YES;
			};
			name = Release;
		};
		8CD869051CD96A79005534EA /* Debug */ = {
			isa = XCBuildConfiguration;
			buildSettings = {
				ASSETCATALOG_COMPILER_APPICON_NAME = AppIcon;
				INFOPLIST_FILE = timeline/Info.plist;
				LD_RUNPATH_SEARCH_PATHS = "$(inherited) @executable_path/Frameworks";
				PRODUCT_BUNDLE_IDENTIFIER = "pig-taz.timeline";
				PRODUCT_NAME = evolution;
			};
			name = Debug;
		};
		8CD869061CD96A79005534EA /* Release */ = {
			isa = XCBuildConfiguration;
			buildSettings = {
				ASSETCATALOG_COMPILER_APPICON_NAME = AppIcon;
				INFOPLIST_FILE = timeline/Info.plist;
				LD_RUNPATH_SEARCH_PATHS = "$(inherited) @executable_path/Frameworks";
				PRODUCT_BUNDLE_IDENTIFIER = "pig-taz.timeline";
				PRODUCT_NAME = evolution;
			};
			name = Release;
		};
		8CD869081CD96A79005534EA /* Debug */ = {
			isa = XCBuildConfiguration;
			buildSettings = {
				BUNDLE_LOADER = "$(TEST_HOST)";
				INFOPLIST_FILE = timelineTests/Info.plist;
				LD_RUNPATH_SEARCH_PATHS = "$(inherited) @executable_path/Frameworks @loader_path/Frameworks";
				PRODUCT_BUNDLE_IDENTIFIER = "pig-taz.timelineTests";
				PRODUCT_NAME = evolution;
				TEST_HOST = "$(BUILT_PRODUCTS_DIR)/evolution.app/evolution";
			};
			name = Debug;
		};
		8CD869091CD96A79005534EA /* Release */ = {
			isa = XCBuildConfiguration;
			buildSettings = {
				BUNDLE_LOADER = "$(TEST_HOST)";
				INFOPLIST_FILE = timelineTests/Info.plist;
				LD_RUNPATH_SEARCH_PATHS = "$(inherited) @executable_path/Frameworks @loader_path/Frameworks";
				PRODUCT_BUNDLE_IDENTIFIER = "pig-taz.timelineTests";
				PRODUCT_NAME = evolution;
				TEST_HOST = "$(BUILT_PRODUCTS_DIR)/evolution.app/evolution";
			};
			name = Release;
		};
		8CD8690B1CD96A79005534EA /* Debug */ = {
			isa = XCBuildConfiguration;
			buildSettings = {
				INFOPLIST_FILE = timelineUITests/Info.plist;
				LD_RUNPATH_SEARCH_PATHS = "$(inherited) @executable_path/Frameworks @loader_path/Frameworks";
				PRODUCT_BUNDLE_IDENTIFIER = "pig-taz.timelineUITests";
				PRODUCT_NAME = evolution;
				TEST_TARGET_NAME = timeline;
			};
			name = Debug;
		};
		8CD8690C1CD96A79005534EA /* Release */ = {
			isa = XCBuildConfiguration;
			buildSettings = {
				INFOPLIST_FILE = timelineUITests/Info.plist;
				LD_RUNPATH_SEARCH_PATHS = "$(inherited) @executable_path/Frameworks @loader_path/Frameworks";
				PRODUCT_BUNDLE_IDENTIFIER = "pig-taz.timelineUITests";
				PRODUCT_NAME = evolution;
				TEST_TARGET_NAME = timeline;
			};
			name = Release;
		};
/* End XCBuildConfiguration section */

/* Begin XCConfigurationList section */
		8CD868CF1CD96A75005534EA /* Build configuration list for PBXProject "evolution" */ = {
			isa = XCConfigurationList;
			buildConfigurations = (
				8CD869021CD96A79005534EA /* Debug */,
				8CD869031CD96A79005534EA /* Release */,
			);
			defaultConfigurationIsVisible = 0;
			defaultConfigurationName = Release;
		};
		8CD869041CD96A79005534EA /* Build configuration list for PBXNativeTarget "evolution" */ = {
			isa = XCConfigurationList;
			buildConfigurations = (
				8CD869051CD96A79005534EA /* Debug */,
				8CD869061CD96A79005534EA /* Release */,
			);
			defaultConfigurationIsVisible = 0;
			defaultConfigurationName = Release;
		};
		8CD869071CD96A79005534EA /* Build configuration list for PBXNativeTarget "evolutionTests" */ = {
			isa = XCConfigurationList;
			buildConfigurations = (
				8CD869081CD96A79005534EA /* Debug */,
				8CD869091CD96A79005534EA /* Release */,
			);
			defaultConfigurationIsVisible = 0;
			defaultConfigurationName = Release;
		};
		8CD8690A1CD96A79005534EA /* Build configuration list for PBXNativeTarget "evolutionUITests" */ = {
			isa = XCConfigurationList;
			buildConfigurations = (
				8CD8690B1CD96A79005534EA /* Debug */,
				8CD8690C1CD96A79005534EA /* Release */,
			);
			defaultConfigurationIsVisible = 0;
			defaultConfigurationName = Release;
		};
/* End XCConfigurationList section */

/* Begin XCVersionGroup section */
		8CD868E31CD96A76005534EA /* timeline.xcdatamodeld */ = {
			isa = XCVersionGroup;
			children = (
				8CD868E41CD96A76005534EA /* timeline.xcdatamodel */,
			);
			currentVersion = 8CD868E41CD96A76005534EA /* timeline.xcdatamodel */;
			path = timeline.xcdatamodeld;
			sourceTree = "<group>";
			versionGroupType = wrapper.xcdatamodel;
		};
/* End XCVersionGroup section */
	};
	rootObject = 8CD868CC1CD96A75005534EA /* Project object */;
}
